// !$*UTF8*$!
{
	archiveVersion = 1;
	classes = {
	};
	objectVersion = 56;
	objects = {

/* Begin PBXBuildFile section */
		51272C5B2B213EF600E83723 /* pokeappApp.swift in Sources */ = {isa = PBXBuildFile; fileRef = 51272C5A2B213EF600E83723 /* pokeappApp.swift */; };
		51272C5F2B213EF700E83723 /* Assets.xcassets in Resources */ = {isa = PBXBuildFile; fileRef = 51272C5E2B213EF700E83723 /* Assets.xcassets */; };
		51272C622B213EF700E83723 /* Preview Assets.xcassets in Resources */ = {isa = PBXBuildFile; fileRef = 51272C612B213EF700E83723 /* Preview Assets.xcassets */; };
		51272C6C2B213EF800E83723 /* PokemonNetworkDataSource.swift in Sources */ = {isa = PBXBuildFile; fileRef = 51272C6B2B213EF800E83723 /* PokemonNetworkDataSource.swift */; };
		51272C762B213EF800E83723 /* pokeappUITests.swift in Sources */ = {isa = PBXBuildFile; fileRef = 51272C752B213EF800E83723 /* pokeappUITests.swift */; };
		51272C782B213EF800E83723 /* pokeappUITestsLaunchTests.swift in Sources */ = {isa = PBXBuildFile; fileRef = 51272C772B213EF800E83723 /* pokeappUITestsLaunchTests.swift */; };
		51272C882B21401800E83723 /* FirebaseAuth in Frameworks */ = {isa = PBXBuildFile; productRef = 51272C872B21401800E83723 /* FirebaseAuth */; };
		51272C8A2B21401800E83723 /* FirebaseAuthCombine-Community in Frameworks */ = {isa = PBXBuildFile; productRef = 51272C892B21401800E83723 /* FirebaseAuthCombine-Community */; };
		51272C8D2B21402300E83723 /* GoogleSignIn in Frameworks */ = {isa = PBXBuildFile; productRef = 51272C8C2B21402300E83723 /* GoogleSignIn */; };
		51272C8F2B21402300E83723 /* GoogleSignInSwift in Frameworks */ = {isa = PBXBuildFile; productRef = 51272C8E2B21402300E83723 /* GoogleSignInSwift */; };
		51272C922B21402B00E83723 /* Alamofire in Frameworks */ = {isa = PBXBuildFile; productRef = 51272C912B21402B00E83723 /* Alamofire */; };
		51272C952B21403200E83723 /* SDWebImageSwiftUI in Frameworks */ = {isa = PBXBuildFile; productRef = 51272C942B21403200E83723 /* SDWebImageSwiftUI */; };
		51272C982B21403900E83723 /* Mocker in Frameworks */ = {isa = PBXBuildFile; productRef = 51272C972B21403900E83723 /* Mocker */; };
		51272CA02B2140EC00E83723 /* UIApplication+Extensions.swift in Sources */ = {isa = PBXBuildFile; fileRef = 51272C9F2B2140EC00E83723 /* UIApplication+Extensions.swift */; };
		51272CAB2B21411C00E83723 /* SplashView.swift in Sources */ = {isa = PBXBuildFile; fileRef = 51272CA52B21411C00E83723 /* SplashView.swift */; };
		51272CAC2B21411C00E83723 /* SignInView.swift in Sources */ = {isa = PBXBuildFile; fileRef = 51272CA72B21411C00E83723 /* SignInView.swift */; };
		51272CAD2B21411C00E83723 /* SignInViewModel.swift in Sources */ = {isa = PBXBuildFile; fileRef = 51272CA82B21411C00E83723 /* SignInViewModel.swift */; };
		51272CAE2B21411C00E83723 /* PokeListView.swift in Sources */ = {isa = PBXBuildFile; fileRef = 51272CAA2B21411C00E83723 /* PokeListView.swift */; };
		51272CB82B21414000E83723 /* JSONDecoder+decode.swift in Sources */ = {isa = PBXBuildFile; fileRef = 51272CB02B21414000E83723 /* JSONDecoder+decode.swift */; };
		51272CB92B21414000E83723 /* GoogleService-Info.plist in Resources */ = {isa = PBXBuildFile; fileRef = 51272CB12B21414000E83723 /* GoogleService-Info.plist */; };
		51272CBA2B21414000E83723 /* PokemonNetworkDataSource.swift in Sources */ = {isa = PBXBuildFile; fileRef = 51272CB42B21414000E83723 /* PokemonNetworkDataSource.swift */; };
		51272CBB2B21414000E83723 /* NamedApiResponse.swift in Sources */ = {isa = PBXBuildFile; fileRef = 51272CB62B21414000E83723 /* NamedApiResponse.swift */; };
		51272CBC2B21414000E83723 /* PokemonRepository.swift in Sources */ = {isa = PBXBuildFile; fileRef = 51272CB72B21414000E83723 /* PokemonRepository.swift */; };
		51E117CC2B21ADA40045AD30 /* PokeListViewModel.swift in Sources */ = {isa = PBXBuildFile; fileRef = 51E117CB2B21ADA40045AD30 /* PokeListViewModel.swift */; };
		51E117D12B21C2BF0045AD30 /* ErrorView.swift in Sources */ = {isa = PBXBuildFile; fileRef = 51E117D02B21C2BF0045AD30 /* ErrorView.swift */; };
		51E117D42B21CED10045AD30 /* PokeDetailsViewModel.swift in Sources */ = {isa = PBXBuildFile; fileRef = 51E117D32B21CED10045AD30 /* PokeDetailsViewModel.swift */; };
		51E117D62B21CFBE0045AD30 /* Pokemon.swift in Sources */ = {isa = PBXBuildFile; fileRef = 51E117D52B21CFBE0045AD30 /* Pokemon.swift */; };
		51E117D82B21D5550045AD30 /* PokeDetailsView.swift in Sources */ = {isa = PBXBuildFile; fileRef = 51E117D72B21D5550045AD30 /* PokeDetailsView.swift */; };
		51F4A7D62B22023500FB5FE5 /* ContainerView.swift in Sources */ = {isa = PBXBuildFile; fileRef = 51F4A7D52B22023500FB5FE5 /* ContainerView.swift */; };
		51F4A7D82B220CB400FB5FE5 /* NavigationBackButton.swift in Sources */ = {isa = PBXBuildFile; fileRef = 51F4A7D72B220CB400FB5FE5 /* NavigationBackButton.swift */; };
		51F4A7DA2B220EF800FB5FE5 /* EvolutionChain.swift in Sources */ = {isa = PBXBuildFile; fileRef = 51F4A7D92B220EF800FB5FE5 /* EvolutionChain.swift */; };
		51F4A7DC2B22138E00FB5FE5 /* PokeInfoAndSkillsView.swift in Sources */ = {isa = PBXBuildFile; fileRef = 51F4A7DB2B22138E00FB5FE5 /* PokeInfoAndSkillsView.swift */; };
		51F4A7DE2B2216DF00FB5FE5 /* PokeEvolutionsView.swift in Sources */ = {isa = PBXBuildFile; fileRef = 51F4A7DD2B2216DF00FB5FE5 /* PokeEvolutionsView.swift */; };
		51F4A7E02B2218D100FB5FE5 /* PokemonListItemView.swift in Sources */ = {isa = PBXBuildFile; fileRef = 51F4A7DF2B2218D100FB5FE5 /* PokemonListItemView.swift */; };
		51F4A7E22B22208800FB5FE5 /* PokemonSpecies.swift in Sources */ = {isa = PBXBuildFile; fileRef = 51F4A7E12B22208800FB5FE5 /* PokemonSpecies.swift */; };
		51F4A7E42B22A37600FB5FE5 /* Array+appendWithoutDuplicate.swift in Sources */ = {isa = PBXBuildFile; fileRef = 51F4A7E32B22A37600FB5FE5 /* Array+appendWithoutDuplicate.swift */; };
/* End PBXBuildFile section */

/* Begin PBXContainerItemProxy section */
		51272C682B213EF800E83723 /* PBXContainerItemProxy */ = {
			isa = PBXContainerItemProxy;
			containerPortal = 51272C4F2B213EF600E83723 /* Project object */;
			proxyType = 1;
			remoteGlobalIDString = 51272C562B213EF600E83723;
			remoteInfo = pokeapp;
		};
		51272C722B213EF800E83723 /* PBXContainerItemProxy */ = {
			isa = PBXContainerItemProxy;
			containerPortal = 51272C4F2B213EF600E83723 /* Project object */;
			proxyType = 1;
			remoteGlobalIDString = 51272C562B213EF600E83723;
			remoteInfo = pokeapp;
		};
/* End PBXContainerItemProxy section */

/* Begin PBXFileReference section */
		51272C572B213EF600E83723 /* pokeapp.app */ = {isa = PBXFileReference; explicitFileType = wrapper.application; includeInIndex = 0; path = pokeapp.app; sourceTree = BUILT_PRODUCTS_DIR; };
		51272C5A2B213EF600E83723 /* pokeappApp.swift */ = {isa = PBXFileReference; lastKnownFileType = sourcecode.swift; path = pokeappApp.swift; sourceTree = "<group>"; };
		51272C5E2B213EF700E83723 /* Assets.xcassets */ = {isa = PBXFileReference; lastKnownFileType = folder.assetcatalog; path = Assets.xcassets; sourceTree = "<group>"; };
		51272C612B213EF700E83723 /* Preview Assets.xcassets */ = {isa = PBXFileReference; lastKnownFileType = folder.assetcatalog; path = "Preview Assets.xcassets"; sourceTree = "<group>"; };
		51272C672B213EF800E83723 /* pokeappTests.xctest */ = {isa = PBXFileReference; explicitFileType = wrapper.cfbundle; includeInIndex = 0; path = pokeappTests.xctest; sourceTree = BUILT_PRODUCTS_DIR; };
		51272C6B2B213EF800E83723 /* PokemonNetworkDataSource.swift */ = {isa = PBXFileReference; lastKnownFileType = sourcecode.swift; path = PokemonNetworkDataSource.swift; sourceTree = "<group>"; };
		51272C712B213EF800E83723 /* pokeappUITests.xctest */ = {isa = PBXFileReference; explicitFileType = wrapper.cfbundle; includeInIndex = 0; path = pokeappUITests.xctest; sourceTree = BUILT_PRODUCTS_DIR; };
		51272C752B213EF800E83723 /* pokeappUITests.swift */ = {isa = PBXFileReference; lastKnownFileType = sourcecode.swift; path = pokeappUITests.swift; sourceTree = "<group>"; };
		51272C772B213EF800E83723 /* pokeappUITestsLaunchTests.swift */ = {isa = PBXFileReference; lastKnownFileType = sourcecode.swift; path = pokeappUITestsLaunchTests.swift; sourceTree = "<group>"; };
		51272C9F2B2140EC00E83723 /* UIApplication+Extensions.swift */ = {isa = PBXFileReference; fileEncoding = 4; lastKnownFileType = sourcecode.swift; path = "UIApplication+Extensions.swift"; sourceTree = "<group>"; };
		51272CA52B21411C00E83723 /* SplashView.swift */ = {isa = PBXFileReference; fileEncoding = 4; lastKnownFileType = sourcecode.swift; path = SplashView.swift; sourceTree = "<group>"; };
		51272CA72B21411C00E83723 /* SignInView.swift */ = {isa = PBXFileReference; fileEncoding = 4; lastKnownFileType = sourcecode.swift; path = SignInView.swift; sourceTree = "<group>"; };
		51272CA82B21411C00E83723 /* SignInViewModel.swift */ = {isa = PBXFileReference; fileEncoding = 4; lastKnownFileType = sourcecode.swift; path = SignInViewModel.swift; sourceTree = "<group>"; };
		51272CAA2B21411C00E83723 /* PokeListView.swift */ = {isa = PBXFileReference; fileEncoding = 4; lastKnownFileType = sourcecode.swift; path = PokeListView.swift; sourceTree = "<group>"; };
		51272CB02B21414000E83723 /* JSONDecoder+decode.swift */ = {isa = PBXFileReference; fileEncoding = 4; lastKnownFileType = sourcecode.swift; path = "JSONDecoder+decode.swift"; sourceTree = "<group>"; };
		51272CB12B21414000E83723 /* GoogleService-Info.plist */ = {isa = PBXFileReference; fileEncoding = 4; lastKnownFileType = text.plist.xml; path = "GoogleService-Info.plist"; sourceTree = "<group>"; };
		51272CB42B21414000E83723 /* PokemonNetworkDataSource.swift */ = {isa = PBXFileReference; fileEncoding = 4; lastKnownFileType = sourcecode.swift; path = PokemonNetworkDataSource.swift; sourceTree = "<group>"; };
		51272CB62B21414000E83723 /* NamedApiResponse.swift */ = {isa = PBXFileReference; fileEncoding = 4; lastKnownFileType = sourcecode.swift; path = NamedApiResponse.swift; sourceTree = "<group>"; };
		51272CB72B21414000E83723 /* PokemonRepository.swift */ = {isa = PBXFileReference; fileEncoding = 4; lastKnownFileType = sourcecode.swift; path = PokemonRepository.swift; sourceTree = "<group>"; };
		51272CBE2B2145FE00E83723 /* Info.plist */ = {isa = PBXFileReference; lastKnownFileType = text.plist; path = Info.plist; sourceTree = "<group>"; };
		5140F4B12B22C07800CEF49F /* pokeapp.xctestplan */ = {isa = PBXFileReference; lastKnownFileType = text; path = pokeapp.xctestplan; sourceTree = "<group>"; };
		51E117CB2B21ADA40045AD30 /* PokeListViewModel.swift */ = {isa = PBXFileReference; lastKnownFileType = sourcecode.swift; path = PokeListViewModel.swift; sourceTree = "<group>"; };
		51E117D02B21C2BF0045AD30 /* ErrorView.swift */ = {isa = PBXFileReference; lastKnownFileType = sourcecode.swift; path = ErrorView.swift; sourceTree = "<group>"; };
		51E117D32B21CED10045AD30 /* PokeDetailsViewModel.swift */ = {isa = PBXFileReference; lastKnownFileType = sourcecode.swift; path = PokeDetailsViewModel.swift; sourceTree = "<group>"; };
		51E117D52B21CFBE0045AD30 /* Pokemon.swift */ = {isa = PBXFileReference; lastKnownFileType = sourcecode.swift; path = Pokemon.swift; sourceTree = "<group>"; };
		51E117D72B21D5550045AD30 /* PokeDetailsView.swift */ = {isa = PBXFileReference; lastKnownFileType = sourcecode.swift; path = PokeDetailsView.swift; sourceTree = "<group>"; };
		51F4A7D52B22023500FB5FE5 /* ContainerView.swift */ = {isa = PBXFileReference; lastKnownFileType = sourcecode.swift; path = ContainerView.swift; sourceTree = "<group>"; };
		51F4A7D72B220CB400FB5FE5 /* NavigationBackButton.swift */ = {isa = PBXFileReference; lastKnownFileType = sourcecode.swift; path = NavigationBackButton.swift; sourceTree = "<group>"; };
		51F4A7D92B220EF800FB5FE5 /* EvolutionChain.swift */ = {isa = PBXFileReference; lastKnownFileType = sourcecode.swift; path = EvolutionChain.swift; sourceTree = "<group>"; };
		51F4A7DB2B22138E00FB5FE5 /* PokeInfoAndSkillsView.swift */ = {isa = PBXFileReference; lastKnownFileType = sourcecode.swift; path = PokeInfoAndSkillsView.swift; sourceTree = "<group>"; };
		51F4A7DD2B2216DF00FB5FE5 /* PokeEvolutionsView.swift */ = {isa = PBXFileReference; lastKnownFileType = sourcecode.swift; path = PokeEvolutionsView.swift; sourceTree = "<group>"; };
		51F4A7DF2B2218D100FB5FE5 /* PokemonListItemView.swift */ = {isa = PBXFileReference; lastKnownFileType = sourcecode.swift; path = PokemonListItemView.swift; sourceTree = "<group>"; };
		51F4A7E12B22208800FB5FE5 /* PokemonSpecies.swift */ = {isa = PBXFileReference; lastKnownFileType = sourcecode.swift; path = PokemonSpecies.swift; sourceTree = "<group>"; };
		51F4A7E32B22A37600FB5FE5 /* Array+appendWithoutDuplicate.swift */ = {isa = PBXFileReference; lastKnownFileType = sourcecode.swift; path = "Array+appendWithoutDuplicate.swift"; sourceTree = "<group>"; };
/* End PBXFileReference section */

/* Begin PBXFrameworksBuildPhase section */
		51272C542B213EF600E83723 /* Frameworks */ = {
			isa = PBXFrameworksBuildPhase;
			buildActionMask = 2147483647;
			files = (
				51272C952B21403200E83723 /* SDWebImageSwiftUI in Frameworks */,
				51272C922B21402B00E83723 /* Alamofire in Frameworks */,
				51272C882B21401800E83723 /* FirebaseAuth in Frameworks */,
				51272C8A2B21401800E83723 /* FirebaseAuthCombine-Community in Frameworks */,
				51272C982B21403900E83723 /* Mocker in Frameworks */,
				51272C8D2B21402300E83723 /* GoogleSignIn in Frameworks */,
				51272C8F2B21402300E83723 /* GoogleSignInSwift in Frameworks */,
			);
			runOnlyForDeploymentPostprocessing = 0;
		};
		51272C642B213EF800E83723 /* Frameworks */ = {
			isa = PBXFrameworksBuildPhase;
			buildActionMask = 2147483647;
			files = (
			);
			runOnlyForDeploymentPostprocessing = 0;
		};
		51272C6E2B213EF800E83723 /* Frameworks */ = {
			isa = PBXFrameworksBuildPhase;
			buildActionMask = 2147483647;
			files = (
			);
			runOnlyForDeploymentPostprocessing = 0;
		};
/* End PBXFrameworksBuildPhase section */

/* Begin PBXGroup section */
		51272C4E2B213EF600E83723 = {
			isa = PBXGroup;
			children = (
				5140F4B12B22C07800CEF49F /* pokeapp.xctestplan */,
				51272C592B213EF600E83723 /* pokeapp */,
				51272C6A2B213EF800E83723 /* pokeappTests */,
				51272C742B213EF800E83723 /* pokeappUITests */,
				51272C582B213EF600E83723 /* Products */,
				51272C992B21404100E83723 /* Frameworks */,
			);
			sourceTree = "<group>";
		};
		51272C582B213EF600E83723 /* Products */ = {
			isa = PBXGroup;
			children = (
				51272C572B213EF600E83723 /* pokeapp.app */,
				51272C672B213EF800E83723 /* pokeappTests.xctest */,
				51272C712B213EF800E83723 /* pokeappUITests.xctest */,
			);
			name = Products;
			sourceTree = "<group>";
		};
		51272C592B213EF600E83723 /* pokeapp */ = {
			isa = PBXGroup;
			children = (
				51E117CF2B21C2980045AD30 /* Components */,
				51272CB22B21414000E83723 /* Data */,
				51272CAF2B21414000E83723 /* Extensions */,
				51272CA32B21411C00E83723 /* Features */,
				51272C9E2B2140EC00E83723 /* Utilities */,
				51272C5A2B213EF600E83723 /* pokeappApp.swift */,
				51272C5E2B213EF700E83723 /* Assets.xcassets */,
				51272CBE2B2145FE00E83723 /* Info.plist */,
				51272CB12B21414000E83723 /* GoogleService-Info.plist */,
				51272C602B213EF700E83723 /* Preview Content */,
			);
			path = pokeapp;
			sourceTree = "<group>";
		};
		51272C602B213EF700E83723 /* Preview Content */ = {
			isa = PBXGroup;
			children = (
				51272C612B213EF700E83723 /* Preview Assets.xcassets */,
			);
			path = "Preview Content";
			sourceTree = "<group>";
		};
		51272C6A2B213EF800E83723 /* pokeappTests */ = {
			isa = PBXGroup;
			children = (
				51272C6B2B213EF800E83723 /* PokemonNetworkDataSource.swift */,
			);
			path = pokeappTests;
			sourceTree = "<group>";
		};
		51272C742B213EF800E83723 /* pokeappUITests */ = {
			isa = PBXGroup;
			children = (
				51272C752B213EF800E83723 /* pokeappUITests.swift */,
				51272C772B213EF800E83723 /* pokeappUITestsLaunchTests.swift */,
			);
			path = pokeappUITests;
			sourceTree = "<group>";
		};
		51272C992B21404100E83723 /* Frameworks */ = {
			isa = PBXGroup;
			children = (
			);
			name = Frameworks;
			sourceTree = "<group>";
		};
		51272C9E2B2140EC00E83723 /* Utilities */ = {
			isa = PBXGroup;
			children = (
				51272C9F2B2140EC00E83723 /* UIApplication+Extensions.swift */,
			);
			path = Utilities;
			sourceTree = "<group>";
		};
		51272CA32B21411C00E83723 /* Features */ = {
			isa = PBXGroup;
			children = (
				51272CA42B21411C00E83723 /* SplashScreen */,
				51272CA62B21411C00E83723 /* SignIn */,
				51272CA92B21411C00E83723 /* PokeList */,
				51E117D22B21CEB40045AD30 /* PokeDetails */,
			);
			path = Features;
			sourceTree = "<group>";
		};
		51272CA42B21411C00E83723 /* SplashScreen */ = {
			isa = PBXGroup;
			children = (
				51272CA52B21411C00E83723 /* SplashView.swift */,
			);
			path = SplashScreen;
			sourceTree = "<group>";
		};
		51272CA62B21411C00E83723 /* SignIn */ = {
			isa = PBXGroup;
			children = (
				51272CA72B21411C00E83723 /* SignInView.swift */,
				51272CA82B21411C00E83723 /* SignInViewModel.swift */,
			);
			path = SignIn;
			sourceTree = "<group>";
		};
		51272CA92B21411C00E83723 /* PokeList */ = {
			isa = PBXGroup;
			children = (
				51272CAA2B21411C00E83723 /* PokeListView.swift */,
				51E117CB2B21ADA40045AD30 /* PokeListViewModel.swift */,
			);
			path = PokeList;
			sourceTree = "<group>";
		};
		51272CAF2B21414000E83723 /* Extensions */ = {
			isa = PBXGroup;
			children = (
				51272CB02B21414000E83723 /* JSONDecoder+decode.swift */,
				51F4A7E32B22A37600FB5FE5 /* Array+appendWithoutDuplicate.swift */,
			);
			path = Extensions;
			sourceTree = "<group>";
		};
		51272CB22B21414000E83723 /* Data */ = {
			isa = PBXGroup;
			children = (
				51272CB32B21414000E83723 /* Pokemon */,
			);
			path = Data;
			sourceTree = "<group>";
		};
		51272CB32B21414000E83723 /* Pokemon */ = {
			isa = PBXGroup;
			children = (
				51272CB52B21414000E83723 /* Models */,
				51272CB42B21414000E83723 /* PokemonNetworkDataSource.swift */,
				51272CB72B21414000E83723 /* PokemonRepository.swift */,
			);
			path = Pokemon;
			sourceTree = "<group>";
		};
		51272CB52B21414000E83723 /* Models */ = {
			isa = PBXGroup;
			children = (
				51272CB62B21414000E83723 /* NamedApiResponse.swift */,
				51E117D52B21CFBE0045AD30 /* Pokemon.swift */,
				51F4A7D92B220EF800FB5FE5 /* EvolutionChain.swift */,
				51F4A7E12B22208800FB5FE5 /* PokemonSpecies.swift */,
			);
			path = Models;
			sourceTree = "<group>";
		};
		51E117CF2B21C2980045AD30 /* Components */ = {
			isa = PBXGroup;
			children = (
				51E117D02B21C2BF0045AD30 /* ErrorView.swift */,
				51F4A7D52B22023500FB5FE5 /* ContainerView.swift */,
				51F4A7D72B220CB400FB5FE5 /* NavigationBackButton.swift */,
				51F4A7DF2B2218D100FB5FE5 /* PokemonListItemView.swift */,
			);
			path = Components;
			sourceTree = "<group>";
		};
		51E117D22B21CEB40045AD30 /* PokeDetails */ = {
			isa = PBXGroup;
			children = (
				51E117D32B21CED10045AD30 /* PokeDetailsViewModel.swift */,
				51E117D72B21D5550045AD30 /* PokeDetailsView.swift */,
				51F4A7DB2B22138E00FB5FE5 /* PokeInfoAndSkillsView.swift */,
				51F4A7DD2B2216DF00FB5FE5 /* PokeEvolutionsView.swift */,
			);
			path = PokeDetails;
			sourceTree = "<group>";
		};
/* End PBXGroup section */

/* Begin PBXNativeTarget section */
		51272C562B213EF600E83723 /* pokeapp */ = {
			isa = PBXNativeTarget;
			buildConfigurationList = 51272C7B2B213EF800E83723 /* Build configuration list for PBXNativeTarget "pokeapp" */;
			buildPhases = (
				51272C532B213EF600E83723 /* Sources */,
				51272C542B213EF600E83723 /* Frameworks */,
				51272C552B213EF600E83723 /* Resources */,
			);
			buildRules = (
			);
			dependencies = (
			);
			name = pokeapp;
			packageProductDependencies = (
				51272C872B21401800E83723 /* FirebaseAuth */,
				51272C892B21401800E83723 /* FirebaseAuthCombine-Community */,
				51272C8C2B21402300E83723 /* GoogleSignIn */,
				51272C8E2B21402300E83723 /* GoogleSignInSwift */,
				51272C912B21402B00E83723 /* Alamofire */,
				51272C942B21403200E83723 /* SDWebImageSwiftUI */,
				51272C972B21403900E83723 /* Mocker */,
			);
			productName = pokeapp;
			productReference = 51272C572B213EF600E83723 /* pokeapp.app */;
			productType = "com.apple.product-type.application";
		};
		51272C662B213EF800E83723 /* pokeappTests */ = {
			isa = PBXNativeTarget;
			buildConfigurationList = 51272C7E2B213EF800E83723 /* Build configuration list for PBXNativeTarget "pokeappTests" */;
			buildPhases = (
				51272C632B213EF800E83723 /* Sources */,
				51272C642B213EF800E83723 /* Frameworks */,
				51272C652B213EF800E83723 /* Resources */,
			);
			buildRules = (
			);
			dependencies = (
				51272C692B213EF800E83723 /* PBXTargetDependency */,
			);
			name = pokeappTests;
			packageProductDependencies = (
			);
			productName = pokeappTests;
			productReference = 51272C672B213EF800E83723 /* pokeappTests.xctest */;
			productType = "com.apple.product-type.bundle.unit-test";
		};
		51272C702B213EF800E83723 /* pokeappUITests */ = {
			isa = PBXNativeTarget;
			buildConfigurationList = 51272C812B213EF800E83723 /* Build configuration list for PBXNativeTarget "pokeappUITests" */;
			buildPhases = (
				51272C6D2B213EF800E83723 /* Sources */,
				51272C6E2B213EF800E83723 /* Frameworks */,
				51272C6F2B213EF800E83723 /* Resources */,
			);
			buildRules = (
			);
			dependencies = (
				51272C732B213EF800E83723 /* PBXTargetDependency */,
			);
			name = pokeappUITests;
			productName = pokeappUITests;
			productReference = 51272C712B213EF800E83723 /* pokeappUITests.xctest */;
			productType = "com.apple.product-type.bundle.ui-testing";
		};
/* End PBXNativeTarget section */

/* Begin PBXProject section */
		51272C4F2B213EF600E83723 /* Project object */ = {
			isa = PBXProject;
			attributes = {
				BuildIndependentTargetsInParallel = 1;
				LastSwiftUpdateCheck = 1500;
				LastUpgradeCheck = 1500;
				TargetAttributes = {
					51272C562B213EF600E83723 = {
						CreatedOnToolsVersion = 15.0.1;
					};
					51272C662B213EF800E83723 = {
						CreatedOnToolsVersion = 15.0.1;
						TestTargetID = 51272C562B213EF600E83723;
					};
					51272C702B213EF800E83723 = {
						CreatedOnToolsVersion = 15.0.1;
						TestTargetID = 51272C562B213EF600E83723;
					};
				};
			};
			buildConfigurationList = 51272C522B213EF600E83723 /* Build configuration list for PBXProject "pokeapp" */;
			compatibilityVersion = "Xcode 14.0";
			developmentRegion = en;
			hasScannedForEncodings = 0;
			knownRegions = (
				en,
				Base,
			);
			mainGroup = 51272C4E2B213EF600E83723;
			packageReferences = (
				51272C862B21401800E83723 /* XCRemoteSwiftPackageReference "firebase-ios-sdk" */,
				51272C8B2B21402200E83723 /* XCRemoteSwiftPackageReference "GoogleSignIn-iOS" */,
				51272C902B21402B00E83723 /* XCRemoteSwiftPackageReference "Alamofire" */,
				51272C932B21403200E83723 /* XCRemoteSwiftPackageReference "SDWebImageSwiftUI" */,
				51272C962B21403900E83723 /* XCRemoteSwiftPackageReference "Mocker" */,
			);
			productRefGroup = 51272C582B213EF600E83723 /* Products */;
			projectDirPath = "";
			projectRoot = "";
			targets = (
				51272C562B213EF600E83723 /* pokeapp */,
				51272C662B213EF800E83723 /* pokeappTests */,
				51272C702B213EF800E83723 /* pokeappUITests */,
			);
		};
/* End PBXProject section */

/* Begin PBXResourcesBuildPhase section */
		51272C552B213EF600E83723 /* Resources */ = {
			isa = PBXResourcesBuildPhase;
			buildActionMask = 2147483647;
			files = (
				51272C622B213EF700E83723 /* Preview Assets.xcassets in Resources */,
				51272C5F2B213EF700E83723 /* Assets.xcassets in Resources */,
				51272CB92B21414000E83723 /* GoogleService-Info.plist in Resources */,
			);
			runOnlyForDeploymentPostprocessing = 0;
		};
		51272C652B213EF800E83723 /* Resources */ = {
			isa = PBXResourcesBuildPhase;
			buildActionMask = 2147483647;
			files = (
			);
			runOnlyForDeploymentPostprocessing = 0;
		};
		51272C6F2B213EF800E83723 /* Resources */ = {
			isa = PBXResourcesBuildPhase;
			buildActionMask = 2147483647;
			files = (
			);
			runOnlyForDeploymentPostprocessing = 0;
		};
/* End PBXResourcesBuildPhase section */

/* Begin PBXSourcesBuildPhase section */
		51272C532B213EF600E83723 /* Sources */ = {
			isa = PBXSourcesBuildPhase;
			buildActionMask = 2147483647;
			files = (
				51272CA02B2140EC00E83723 /* UIApplication+Extensions.swift in Sources */,
				51272CBC2B21414000E83723 /* PokemonRepository.swift in Sources */,
				51F4A7DC2B22138E00FB5FE5 /* PokeInfoAndSkillsView.swift in Sources */,
				51272C5B2B213EF600E83723 /* pokeappApp.swift in Sources */,
				51F4A7E42B22A37600FB5FE5 /* Array+appendWithoutDuplicate.swift in Sources */,
				51F4A7DA2B220EF800FB5FE5 /* EvolutionChain.swift in Sources */,
				51272CAC2B21411C00E83723 /* SignInView.swift in Sources */,
				51F4A7E02B2218D100FB5FE5 /* PokemonListItemView.swift in Sources */,
				51272CB82B21414000E83723 /* JSONDecoder+decode.swift in Sources */,
				51272CAE2B21411C00E83723 /* PokeListView.swift in Sources */,
				51272CBB2B21414000E83723 /* NamedApiResponse.swift in Sources */,
				51E117D62B21CFBE0045AD30 /* Pokemon.swift in Sources */,
				51E117D12B21C2BF0045AD30 /* ErrorView.swift in Sources */,
				51F4A7E22B22208800FB5FE5 /* PokemonSpecies.swift in Sources */,
				51E117D42B21CED10045AD30 /* PokeDetailsViewModel.swift in Sources */,
				51272CAB2B21411C00E83723 /* SplashView.swift in Sources */,
				51F4A7DE2B2216DF00FB5FE5 /* PokeEvolutionsView.swift in Sources */,
				51E117D82B21D5550045AD30 /* PokeDetailsView.swift in Sources */,
				51F4A7D62B22023500FB5FE5 /* ContainerView.swift in Sources */,
				51E117CC2B21ADA40045AD30 /* PokeListViewModel.swift in Sources */,
				51272CAD2B21411C00E83723 /* SignInViewModel.swift in Sources */,
				51F4A7D82B220CB400FB5FE5 /* NavigationBackButton.swift in Sources */,
				51272CBA2B21414000E83723 /* PokemonNetworkDataSource.swift in Sources */,
			);
			runOnlyForDeploymentPostprocessing = 0;
		};
		51272C632B213EF800E83723 /* Sources */ = {
			isa = PBXSourcesBuildPhase;
			buildActionMask = 2147483647;
			files = (
				51272C6C2B213EF800E83723 /* PokemonNetworkDataSource.swift in Sources */,
			);
			runOnlyForDeploymentPostprocessing = 0;
		};
		51272C6D2B213EF800E83723 /* Sources */ = {
			isa = PBXSourcesBuildPhase;
			buildActionMask = 2147483647;
			files = (
				51272C762B213EF800E83723 /* pokeappUITests.swift in Sources */,
				51272C782B213EF800E83723 /* pokeappUITestsLaunchTests.swift in Sources */,
			);
			runOnlyForDeploymentPostprocessing = 0;
		};
/* End PBXSourcesBuildPhase section */

/* Begin PBXTargetDependency section */
		51272C692B213EF800E83723 /* PBXTargetDependency */ = {
			isa = PBXTargetDependency;
			target = 51272C562B213EF600E83723 /* pokeapp */;
			targetProxy = 51272C682B213EF800E83723 /* PBXContainerItemProxy */;
		};
		51272C732B213EF800E83723 /* PBXTargetDependency */ = {
			isa = PBXTargetDependency;
			target = 51272C562B213EF600E83723 /* pokeapp */;
			targetProxy = 51272C722B213EF800E83723 /* PBXContainerItemProxy */;
		};
/* End PBXTargetDependency section */

/* Begin XCBuildConfiguration section */
		51272C792B213EF800E83723 /* Debug */ = {
			isa = XCBuildConfiguration;
			buildSettings = {
				ALWAYS_SEARCH_USER_PATHS = NO;
				ASSETCATALOG_COMPILER_GENERATE_SWIFT_ASSET_SYMBOL_EXTENSIONS = YES;
				CLANG_ANALYZER_NONNULL = YES;
				CLANG_ANALYZER_NUMBER_OBJECT_CONVERSION = YES_AGGRESSIVE;
				CLANG_CXX_LANGUAGE_STANDARD = "gnu++20";
				CLANG_ENABLE_MODULES = YES;
				CLANG_ENABLE_OBJC_ARC = YES;
				CLANG_ENABLE_OBJC_WEAK = YES;
				CLANG_WARN_BLOCK_CAPTURE_AUTORELEASING = YES;
				CLANG_WARN_BOOL_CONVERSION = YES;
				CLANG_WARN_COMMA = YES;
				CLANG_WARN_CONSTANT_CONVERSION = YES;
				CLANG_WARN_DEPRECATED_OBJC_IMPLEMENTATIONS = YES;
				CLANG_WARN_DIRECT_OBJC_ISA_USAGE = YES_ERROR;
				CLANG_WARN_DOCUMENTATION_COMMENTS = YES;
				CLANG_WARN_EMPTY_BODY = YES;
				CLANG_WARN_ENUM_CONVERSION = YES;
				CLANG_WARN_INFINITE_RECURSION = YES;
				CLANG_WARN_INT_CONVERSION = YES;
				CLANG_WARN_NON_LITERAL_NULL_CONVERSION = YES;
				CLANG_WARN_OBJC_IMPLICIT_RETAIN_SELF = YES;
				CLANG_WARN_OBJC_LITERAL_CONVERSION = YES;
				CLANG_WARN_OBJC_ROOT_CLASS = YES_ERROR;
				CLANG_WARN_QUOTED_INCLUDE_IN_FRAMEWORK_HEADER = YES;
				CLANG_WARN_RANGE_LOOP_ANALYSIS = YES;
				CLANG_WARN_STRICT_PROTOTYPES = YES;
				CLANG_WARN_SUSPICIOUS_MOVE = YES;
				CLANG_WARN_UNGUARDED_AVAILABILITY = YES_AGGRESSIVE;
				CLANG_WARN_UNREACHABLE_CODE = YES;
				CLANG_WARN__DUPLICATE_METHOD_MATCH = YES;
				COPY_PHASE_STRIP = NO;
				DEBUG_INFORMATION_FORMAT = dwarf;
				ENABLE_STRICT_OBJC_MSGSEND = YES;
				ENABLE_TESTABILITY = YES;
				ENABLE_USER_SCRIPT_SANDBOXING = YES;
				GCC_C_LANGUAGE_STANDARD = gnu17;
				GCC_DYNAMIC_NO_PIC = NO;
				GCC_NO_COMMON_BLOCKS = YES;
				GCC_OPTIMIZATION_LEVEL = 0;
				GCC_PREPROCESSOR_DEFINITIONS = (
					"DEBUG=1",
					"$(inherited)",
				);
				GCC_WARN_64_TO_32_BIT_CONVERSION = YES;
				GCC_WARN_ABOUT_RETURN_TYPE = YES_ERROR;
				GCC_WARN_UNDECLARED_SELECTOR = YES;
				GCC_WARN_UNINITIALIZED_AUTOS = YES_AGGRESSIVE;
				GCC_WARN_UNUSED_FUNCTION = YES;
				GCC_WARN_UNUSED_VARIABLE = YES;
				IPHONEOS_DEPLOYMENT_TARGET = 17.0;
				LOCALIZATION_PREFERS_STRING_CATALOGS = YES;
				MTL_ENABLE_DEBUG_INFO = INCLUDE_SOURCE;
				MTL_FAST_MATH = YES;
				ONLY_ACTIVE_ARCH = YES;
				SDKROOT = iphoneos;
				SWIFT_ACTIVE_COMPILATION_CONDITIONS = "DEBUG $(inherited)";
				SWIFT_OPTIMIZATION_LEVEL = "-Onone";
			};
			name = Debug;
		};
		51272C7A2B213EF800E83723 /* Release */ = {
			isa = XCBuildConfiguration;
			buildSettings = {
				ALWAYS_SEARCH_USER_PATHS = NO;
				ASSETCATALOG_COMPILER_GENERATE_SWIFT_ASSET_SYMBOL_EXTENSIONS = YES;
				CLANG_ANALYZER_NONNULL = YES;
				CLANG_ANALYZER_NUMBER_OBJECT_CONVERSION = YES_AGGRESSIVE;
				CLANG_CXX_LANGUAGE_STANDARD = "gnu++20";
				CLANG_ENABLE_MODULES = YES;
				CLANG_ENABLE_OBJC_ARC = YES;
				CLANG_ENABLE_OBJC_WEAK = YES;
				CLANG_WARN_BLOCK_CAPTURE_AUTORELEASING = YES;
				CLANG_WARN_BOOL_CONVERSION = YES;
				CLANG_WARN_COMMA = YES;
				CLANG_WARN_CONSTANT_CONVERSION = YES;
				CLANG_WARN_DEPRECATED_OBJC_IMPLEMENTATIONS = YES;
				CLANG_WARN_DIRECT_OBJC_ISA_USAGE = YES_ERROR;
				CLANG_WARN_DOCUMENTATION_COMMENTS = YES;
				CLANG_WARN_EMPTY_BODY = YES;
				CLANG_WARN_ENUM_CONVERSION = YES;
				CLANG_WARN_INFINITE_RECURSION = YES;
				CLANG_WARN_INT_CONVERSION = YES;
				CLANG_WARN_NON_LITERAL_NULL_CONVERSION = YES;
				CLANG_WARN_OBJC_IMPLICIT_RETAIN_SELF = YES;
				CLANG_WARN_OBJC_LITERAL_CONVERSION = YES;
				CLANG_WARN_OBJC_ROOT_CLASS = YES_ERROR;
				CLANG_WARN_QUOTED_INCLUDE_IN_FRAMEWORK_HEADER = YES;
				CLANG_WARN_RANGE_LOOP_ANALYSIS = YES;
				CLANG_WARN_STRICT_PROTOTYPES = YES;
				CLANG_WARN_SUSPICIOUS_MOVE = YES;
				CLANG_WARN_UNGUARDED_AVAILABILITY = YES_AGGRESSIVE;
				CLANG_WARN_UNREACHABLE_CODE = YES;
				CLANG_WARN__DUPLICATE_METHOD_MATCH = YES;
				COPY_PHASE_STRIP = NO;
				DEBUG_INFORMATION_FORMAT = "dwarf-with-dsym";
				ENABLE_NS_ASSERTIONS = NO;
				ENABLE_STRICT_OBJC_MSGSEND = YES;
				ENABLE_USER_SCRIPT_SANDBOXING = YES;
				GCC_C_LANGUAGE_STANDARD = gnu17;
				GCC_NO_COMMON_BLOCKS = YES;
				GCC_WARN_64_TO_32_BIT_CONVERSION = YES;
				GCC_WARN_ABOUT_RETURN_TYPE = YES_ERROR;
				GCC_WARN_UNDECLARED_SELECTOR = YES;
				GCC_WARN_UNINITIALIZED_AUTOS = YES_AGGRESSIVE;
				GCC_WARN_UNUSED_FUNCTION = YES;
				GCC_WARN_UNUSED_VARIABLE = YES;
				IPHONEOS_DEPLOYMENT_TARGET = 17.0;
				LOCALIZATION_PREFERS_STRING_CATALOGS = YES;
				MTL_ENABLE_DEBUG_INFO = NO;
				MTL_FAST_MATH = YES;
				SDKROOT = iphoneos;
				SWIFT_COMPILATION_MODE = wholemodule;
				VALIDATE_PRODUCT = YES;
			};
			name = Release;
		};
		51272C7C2B213EF800E83723 /* Debug */ = {
			isa = XCBuildConfiguration;
			buildSettings = {
				ASSETCATALOG_COMPILER_APPICON_NAME = AppIcon;
				ASSETCATALOG_COMPILER_GLOBAL_ACCENT_COLOR_NAME = AccentColor;
				CODE_SIGN_STYLE = Automatic;
				CURRENT_PROJECT_VERSION = 1;
				DEVELOPMENT_ASSET_PATHS = "\"pokeapp/Preview Content\"";
				ENABLE_PREVIEWS = YES;
				ENABLE_TESTING_SEARCH_PATHS = YES;
				GENERATE_INFOPLIST_FILE = YES;
				INFOPLIST_FILE = pokeapp/Info.plist;
				INFOPLIST_KEY_UIApplicationSceneManifest_Generation = YES;
				INFOPLIST_KEY_UIApplicationSupportsIndirectInputEvents = YES;
				INFOPLIST_KEY_UILaunchScreen_Generation = YES;
				INFOPLIST_KEY_UISupportedInterfaceOrientations_iPad = "UIInterfaceOrientationPortrait UIInterfaceOrientationPortraitUpsideDown UIInterfaceOrientationLandscapeLeft UIInterfaceOrientationLandscapeRight";
				INFOPLIST_KEY_UISupportedInterfaceOrientations_iPhone = "UIInterfaceOrientationPortrait UIInterfaceOrientationLandscapeLeft UIInterfaceOrientationLandscapeRight";
				INFOPLIST_KEY_UIUserInterfaceStyle = Light;
				IPHONEOS_DEPLOYMENT_TARGET = 15.0;
				LD_RUNPATH_SEARCH_PATHS = (
					"$(inherited)",
					"@executable_path/Frameworks",
				);
				MARKETING_VERSION = 1.0;
				PRODUCT_BUNDLE_IDENTIFIER = com.eibiel.pokeapp;
				PRODUCT_NAME = "$(TARGET_NAME)";
				SUPPORTED_PLATFORMS = "iphoneos iphonesimulator";
				SUPPORTS_MACCATALYST = NO;
				SUPPORTS_MAC_DESIGNED_FOR_IPHONE_IPAD = NO;
				SWIFT_EMIT_LOC_STRINGS = YES;
				SWIFT_VERSION = 5.0;
				TARGETED_DEVICE_FAMILY = 1;
			};
			name = Debug;
		};
		51272C7D2B213EF800E83723 /* Release */ = {
			isa = XCBuildConfiguration;
			buildSettings = {
				ASSETCATALOG_COMPILER_APPICON_NAME = AppIcon;
				ASSETCATALOG_COMPILER_GLOBAL_ACCENT_COLOR_NAME = AccentColor;
				CODE_SIGN_STYLE = Automatic;
				CURRENT_PROJECT_VERSION = 1;
				DEVELOPMENT_ASSET_PATHS = "\"pokeapp/Preview Content\"";
				ENABLE_PREVIEWS = YES;
				ENABLE_TESTING_SEARCH_PATHS = YES;
				GENERATE_INFOPLIST_FILE = YES;
				INFOPLIST_FILE = pokeapp/Info.plist;
				INFOPLIST_KEY_UIApplicationSceneManifest_Generation = YES;
				INFOPLIST_KEY_UIApplicationSupportsIndirectInputEvents = YES;
				INFOPLIST_KEY_UILaunchScreen_Generation = YES;
				INFOPLIST_KEY_UISupportedInterfaceOrientations_iPad = "UIInterfaceOrientationPortrait UIInterfaceOrientationPortraitUpsideDown UIInterfaceOrientationLandscapeLeft UIInterfaceOrientationLandscapeRight";
				INFOPLIST_KEY_UISupportedInterfaceOrientations_iPhone = "UIInterfaceOrientationPortrait UIInterfaceOrientationLandscapeLeft UIInterfaceOrientationLandscapeRight";
				INFOPLIST_KEY_UIUserInterfaceStyle = Light;
				IPHONEOS_DEPLOYMENT_TARGET = 15.0;
				LD_RUNPATH_SEARCH_PATHS = (
					"$(inherited)",
					"@executable_path/Frameworks",
				);
				MARKETING_VERSION = 1.0;
				PRODUCT_BUNDLE_IDENTIFIER = com.eibiel.pokeapp;
				PRODUCT_NAME = "$(TARGET_NAME)";
				SUPPORTED_PLATFORMS = "iphoneos iphonesimulator";
				SUPPORTS_MACCATALYST = NO;
				SUPPORTS_MAC_DESIGNED_FOR_IPHONE_IPAD = NO;
				SWIFT_EMIT_LOC_STRINGS = YES;
				SWIFT_VERSION = 5.0;
				TARGETED_DEVICE_FAMILY = 1;
			};
			name = Release;
		};
		51272C7F2B213EF800E83723 /* Debug */ = {
			isa = XCBuildConfiguration;
			buildSettings = {
				ALWAYS_EMBED_SWIFT_STANDARD_LIBRARIES = YES;
				BUNDLE_LOADER = "$(TEST_HOST)";
				CODE_SIGN_STYLE = Automatic;
				CURRENT_PROJECT_VERSION = 1;
				GENERATE_INFOPLIST_FILE = YES;
				IPHONEOS_DEPLOYMENT_TARGET = 15.0;
				MARKETING_VERSION = 1.0;
				PRODUCT_BUNDLE_IDENTIFIER = com.eibiel.pokeappTests;
				PRODUCT_NAME = "$(TARGET_NAME)";
				SWIFT_EMIT_LOC_STRINGS = NO;
				SWIFT_VERSION = 5.0;
				TARGETED_DEVICE_FAMILY = "1,2";
				TEST_HOST = "$(BUILT_PRODUCTS_DIR)/pokeapp.app/$(BUNDLE_EXECUTABLE_FOLDER_PATH)/pokeapp";
			};
			name = Debug;
		};
		51272C802B213EF800E83723 /* Release */ = {
			isa = XCBuildConfiguration;
			buildSettings = {
				ALWAYS_EMBED_SWIFT_STANDARD_LIBRARIES = YES;
				BUNDLE_LOADER = "$(TEST_HOST)";
				CODE_SIGN_STYLE = Automatic;
				CURRENT_PROJECT_VERSION = 1;
				GENERATE_INFOPLIST_FILE = YES;
				IPHONEOS_DEPLOYMENT_TARGET = 15.0;
				MARKETING_VERSION = 1.0;
				PRODUCT_BUNDLE_IDENTIFIER = com.eibiel.pokeappTests;
				PRODUCT_NAME = "$(TARGET_NAME)";
				SWIFT_EMIT_LOC_STRINGS = NO;
				SWIFT_VERSION = 5.0;
				TARGETED_DEVICE_FAMILY = "1,2";
				TEST_HOST = "$(BUILT_PRODUCTS_DIR)/pokeapp.app/$(BUNDLE_EXECUTABLE_FOLDER_PATH)/pokeapp";
			};
			name = Release;
		};
		51272C822B213EF800E83723 /* Debug */ = {
			isa = XCBuildConfiguration;
			buildSettings = {
				ALWAYS_EMBED_SWIFT_STANDARD_LIBRARIES = YES;
				CODE_SIGN_STYLE = Automatic;
				CURRENT_PROJECT_VERSION = 1;
				GENERATE_INFOPLIST_FILE = YES;
				IPHONEOS_DEPLOYMENT_TARGET = 15.0;
				MARKETING_VERSION = 1.0;
				PRODUCT_BUNDLE_IDENTIFIER = com.eibiel.pokeappUITests;
				PRODUCT_NAME = "$(TARGET_NAME)";
				SWIFT_EMIT_LOC_STRINGS = NO;
				SWIFT_VERSION = 5.0;
				TARGETED_DEVICE_FAMILY = "1,2";
				TEST_TARGET_NAME = pokeapp;
			};
			name = Debug;
		};
		51272C832B213EF800E83723 /* Release */ = {
			isa = XCBuildConfiguration;
			buildSettings = {
				ALWAYS_EMBED_SWIFT_STANDARD_LIBRARIES = YES;
				CODE_SIGN_STYLE = Automatic;
				CURRENT_PROJECT_VERSION = 1;
				GENERATE_INFOPLIST_FILE = YES;
				IPHONEOS_DEPLOYMENT_TARGET = 15.0;
				MARKETING_VERSION = 1.0;
				PRODUCT_BUNDLE_IDENTIFIER = com.eibiel.pokeappUITests;
				PRODUCT_NAME = "$(TARGET_NAME)";
				SWIFT_EMIT_LOC_STRINGS = NO;
				SWIFT_VERSION = 5.0;
				TARGETED_DEVICE_FAMILY = "1,2";
				TEST_TARGET_NAME = pokeapp;
			};
			name = Release;
		};
/* End XCBuildConfiguration section */

/* Begin XCConfigurationList section */
		51272C522B213EF600E83723 /* Build configuration list for PBXProject "pokeapp" */ = {
			isa = XCConfigurationList;
			buildConfigurations = (
				51272C792B213EF800E83723 /* Debug */,
				51272C7A2B213EF800E83723 /* Release */,
			);
			defaultConfigurationIsVisible = 0;
			defaultConfigurationName = Release;
		};
		51272C7B2B213EF800E83723 /* Build configuration list for PBXNativeTarget "pokeapp" */ = {
			isa = XCConfigurationList;
			buildConfigurations = (
				51272C7C2B213EF800E83723 /* Debug */,
				51272C7D2B213EF800E83723 /* Release */,
			);
			defaultConfigurationIsVisible = 0;
			defaultConfigurationName = Release;
		};
		51272C7E2B213EF800E83723 /* Build configuration list for PBXNativeTarget "pokeappTests" */ = {
			isa = XCConfigurationList;
			buildConfigurations = (
				51272C7F2B213EF800E83723 /* Debug */,
				51272C802B213EF800E83723 /* Release */,
			);
			defaultConfigurationIsVisible = 0;
			defaultConfigurationName = Release;
		};
		51272C812B213EF800E83723 /* Build configuration list for PBXNativeTarget "pokeappUITests" */ = {
			isa = XCConfigurationList;
			buildConfigurations = (
				51272C822B213EF800E83723 /* Debug */,
				51272C832B213EF800E83723 /* Release */,
			);
			defaultConfigurationIsVisible = 0;
			defaultConfigurationName = Release;
		};
/* End XCConfigurationList section */

/* Begin XCRemoteSwiftPackageReference section */
		51272C862B21401800E83723 /* XCRemoteSwiftPackageReference "firebase-ios-sdk" */ = {
			isa = XCRemoteSwiftPackageReference;
			repositoryURL = "https://github.com/firebase/firebase-ios-sdk.git";
			requirement = {
				kind = upToNextMajorVersion;
				minimumVersion = 10.19.0;
			};
		};
		51272C8B2B21402200E83723 /* XCRemoteSwiftPackageReference "GoogleSignIn-iOS" */ = {
			isa = XCRemoteSwiftPackageReference;
			repositoryURL = "https://github.com/google/GoogleSignIn-iOS";
			requirement = {
				kind = upToNextMajorVersion;
				minimumVersion = 7.0.0;
			};
		};
		51272C902B21402B00E83723 /* XCRemoteSwiftPackageReference "Alamofire" */ = {
			isa = XCRemoteSwiftPackageReference;
			repositoryURL = "https://github.com/Alamofire/Alamofire.git";
			requirement = {
				kind = upToNextMajorVersion;
				minimumVersion = 5.8.1;
			};
		};
		51272C932B21403200E83723 /* XCRemoteSwiftPackageReference "SDWebImageSwiftUI" */ = {
			isa = XCRemoteSwiftPackageReference;
			repositoryURL = "https://github.com/SDWebImage/SDWebImageSwiftUI.git";
			requirement = {
				kind = upToNextMajorVersion;
				minimumVersion = 2.2.5;
			};
		};
		51272C962B21403900E83723 /* XCRemoteSwiftPackageReference "Mocker" */ = {
			isa = XCRemoteSwiftPackageReference;
			repositoryURL = "https://github.com/WeTransfer/Mocker.git";
			requirement = {
				kind = upToNextMajorVersion;
				minimumVersion = 3.0.1;
			};
		};
/* End XCRemoteSwiftPackageReference section */

/* Begin XCSwiftPackageProductDependency section */
		51272C872B21401800E83723 /* FirebaseAuth */ = {
			isa = XCSwiftPackageProductDependency;
			package = 51272C862B21401800E83723 /* XCRemoteSwiftPackageReference "firebase-ios-sdk" */;
			productName = FirebaseAuth;
		};
		51272C892B21401800E83723 /* FirebaseAuthCombine-Community */ = {
			isa = XCSwiftPackageProductDependency;
			package = 51272C862B21401800E83723 /* XCRemoteSwiftPackageReference "firebase-ios-sdk" */;
			productName = "FirebaseAuthCombine-Community";
		};
		51272C8C2B21402300E83723 /* GoogleSignIn */ = {
			isa = XCSwiftPackageProductDependency;
			package = 51272C8B2B21402200E83723 /* XCRemoteSwiftPackageReference "GoogleSignIn-iOS" */;
			productName = GoogleSignIn;
		};
		51272C8E2B21402300E83723 /* GoogleSignInSwift */ = {
			isa = XCSwiftPackageProductDependency;
			package = 51272C8B2B21402200E83723 /* XCRemoteSwiftPackageReference "GoogleSignIn-iOS" */;
			productName = GoogleSignInSwift;
		};
		51272C912B21402B00E83723 /* Alamofire */ = {
			isa = XCSwiftPackageProductDependency;
			package = 51272C902B21402B00E83723 /* XCRemoteSwiftPackageReference "Alamofire" */;
			productName = Alamofire;
		};
		51272C942B21403200E83723 /* SDWebImageSwiftUI */ = {
			isa = XCSwiftPackageProductDependency;
			package = 51272C932B21403200E83723 /* XCRemoteSwiftPackageReference "SDWebImageSwiftUI" */;
			productName = SDWebImageSwiftUI;
		};
		51272C972B21403900E83723 /* Mocker */ = {
			isa = XCSwiftPackageProductDependency;
			package = 51272C962B21403900E83723 /* XCRemoteSwiftPackageReference "Mocker" */;
			productName = Mocker;
		};
/* End XCSwiftPackageProductDependency section */
	};
	rootObject = 51272C4F2B213EF600E83723 /* Project object */;
}
